
Microsoft Visual Studio Solution File, Format Version 12.00
# Visual Studio 14
VisualStudioVersion = 14.0.23107.0
MinimumVisualStudioVersion = 10.0.40219.1
Project("{FAE04EC0-301F-11D3-BF4B-00C04F79EFBC}") = "Exemple", "Exemple\Exemple.csproj", "{BCDAAA9A-9F78-4684-B150-6FCE5A943C13}"
EndProject
Project("{FAE04EC0-301F-11D3-BF4B-00C04F79EFBC}") = "Exercice1", "Exercice1\Exercice1.csproj", "{B0839848-07D4-4E2B-8856-6892A6460633}"
EndProject
Project("{FAE04EC0-301F-11D3-BF4B-00C04F79EFBC}") = "Exercice2", "Exercice2\Exercice2.csproj", "{1F8896C2-54AB-4C5E-9A82-C880179F7647}"
EndProject
Project("{FAE04EC0-301F-11D3-BF4B-00C04F79EFBC}") = "Exercice3", "Exercice3\Exercice3.csproj", "{B31A57F3-4176-41DF-B3EB-24713C567786}"
EndProject
Project("{FAE04EC0-301F-11D3-BF4B-00C04F79EFBC}") = "Exercice4", "Exercice4\Exercice4.csproj", "{9F604987-ADB1-4F78-986D-1B7E93E12969}"
EndProject
Project("{FAE04EC0-301F-11D3-BF4B-00C04F79EFBC}") = "PatternDAOexemple", "PatternDAOexemple\PatternDAOexemple.csproj", "{14280644-1F01-4655-BBAF-5AADB7F19950}"
EndProject
Global
	GlobalSection(SolutionConfigurationPlatforms) = preSolution
		Debug|Any CPU = Debug|Any CPU
		Release|Any CPU = Release|Any CPU
	EndGlobalSection
	GlobalSection(ProjectConfigurationPlatforms) = postSolution
		{BCDAAA9A-9F78-4684-B150-6FCE5A943C13}.Debug|Any CPU.ActiveCfg = Debug|Any CPU
		{BCDAAA9A-9F78-4684-B150-6FCE5A943C13}.Debug|Any CPU.Build.0 = Debug|Any CPU
		{BCDAAA9A-9F78-4684-B150-6FCE5A943C13}.Release|Any CPU.ActiveCfg = Release|Any CPU
		{BCDAAA9A-9F78-4684-B150-6FCE5A943C13}.Release|Any CPU.Build.0 = Release|Any CPU
		{B0839848-07D4-4E2B-8856-6892A6460633}.Debug|Any CPU.ActiveCfg = Debug|Any CPU
		{B0839848-07D4-4E2B-8856-6892A6460633}.Debug|Any CPU.Build.0 = Debug|Any CPU
		{B0839848-07D4-4E2B-8856-6892A6460633}.Release|Any CPU.ActiveCfg = Release|Any CPU
		{B0839848-07D4-4E2B-8856-6892A6460633}.Release|Any CPU.Build.0 = Release|Any CPU
		{1F8896C2-54AB-4C5E-9A82-C880179F7647}.Debug|Any CPU.ActiveCfg = Debug|Any CPU
		{1F8896C2-54AB-4C5E-9A82-C880179F7647}.Debug|Any CPU.Build.0 = Debug|Any CPU
		{1F8896C2-54AB-4C5E-9A82-C880179F7647}.Release|Any CPU.ActiveCfg = Release|Any CPU
		{1F8896C2-54AB-4C5E-9A82-C880179F7647}.Release|Any CPU.Build.0 = Release|Any CPU
		{B31A57F3-4176-41DF-B3EB-24713C567786}.Debug|Any CPU.ActiveCfg = Debug|Any CPU
		{B31A57F3-4176-41DF-B3EB-24713C567786}.Debug|Any CPU.Build.0 = Debug|Any CPU
		{B31A57F3-4176-41DF-B3EB-24713C567786}.Release|Any CPU.ActiveCfg = Release|Any CPU
		{B31A57F3-4176-41DF-B3EB-24713C567786}.Release|Any CPU.Build.0 = Release|Any CPU
		{9F604987-ADB1-4F78-986D-1B7E93E12969}.Debug|Any CPU.ActiveCfg = Debug|Any CPU
		{9F604987-ADB1-4F78-986D-1B7E93E12969}.Debug|Any CPU.Build.0 = Debug|Any CPU
		{9F604987-ADB1-4F78-986D-1B7E93E12969}.Release|Any CPU.ActiveCfg = Release|Any CPU
		{9F604987-ADB1-4F78-986D-1B7E93E12969}.Release|Any CPU.Build.0 = Release|Any CPU
		{14280644-1F01-4655-BBAF-5AADB7F19950}.Debug|Any CPU.ActiveCfg = Debug|Any CPU
		{14280644-1F01-4655-BBAF-5AADB7F19950}.Debug|Any CPU.Build.0 = Debug|Any CPU
		{14280644-1F01-4655-BBAF-5AADB7F19950}.Release|Any CPU.ActiveCfg = Release|Any CPU
		{14280644-1F01-4655-BBAF-5AADB7F19950}.Release|Any CPU.Build.0 = Release|Any CPU
	EndGlobalSection
	GlobalSection(SolutionProperties) = preSolution
		HideSolutionNode = FALSE
	EndGlobalSection
EndGlobal
